
Microsoft Visual Studio Solution File, Format Version 12.00
# Visual Studio Version 16
VisualStudioVersion = 16.0.30621.155
MinimumVisualStudioVersion = 10.0.40219.1
Project("{FAE04EC0-301F-11D3-BF4B-00C04F79EFBC}") = "CardGame", "CardGame\CardGame.csproj", "{C17ED942-F206-4ECA-9A25-E24154FB05C2}"
EndProject
Project("{FAE04EC0-301F-11D3-BF4B-00C04F79EFBC}") = "CardGameTest", "CardGameTest\CardGameTest.csproj", "{BC38D91A-6BE8-4603-BB09-2F775CFC4821}"
EndProject
Global
	GlobalSection(SolutionConfigurationPlatforms) = preSolution
		Debug|Any CPU = Debug|Any CPU
		Release|Any CPU = Release|Any CPU
	EndGlobalSection
	GlobalSection(ProjectConfigurationPlatforms) = postSolution
		{C17ED942-F206-4ECA-9A25-E24154FB05C2}.Debug|Any CPU.ActiveCfg = Debug|Any CPU
		{C17ED942-F206-4ECA-9A25-E24154FB05C2}.Debug|Any CPU.Build.0 = Debug|Any CPU
		{C17ED942-F206-4ECA-9A25-E24154FB05C2}.Release|Any CPU.ActiveCfg = Release|Any CPU
		{C17ED942-F206-4ECA-9A25-E24154FB05C2}.Release|Any CPU.Build.0 = Release|Any CPU
		{BC38D91A-6BE8-4603-BB09-2F775CFC4821}.Debug|Any CPU.ActiveCfg = Debug|Any CPU
		{BC38D91A-6BE8-4603-BB09-2F775CFC4821}.Debug|Any CPU.Build.0 = Debug|Any CPU
		{BC38D91A-6BE8-4603-BB09-2F775CFC4821}.Release|Any CPU.ActiveCfg = Release|Any CPU
		{BC38D91A-6BE8-4603-BB09-2F775CFC4821}.Release|Any CPU.Build.0 = Release|Any CPU
	EndGlobalSection
	GlobalSection(SolutionProperties) = preSolution
		HideSolutionNode = FALSE
	EndGlobalSection
	GlobalSection(ExtensibilityGlobals) = postSolution
		SolutionGuid = {AAC5294C-735F-48B4-B97B-9095631DF2F8}
	EndGlobalSection
EndGlobal
